
Microsoft Visual Studio Solution File, Format Version 12.00
# Visual Studio Version 16
VisualStudioVersion = 16.0.29509.3
MinimumVisualStudioVersion = 10.0.40219.1
Project("{FAE04EC0-301F-11D3-BF4B-00C04F79EFBC}") = "InventoryProjectsWebAPI", "InventoryProjectsWebAPI\InventoryProjectsWebAPI.csproj", "{D230B870-95B8-452C-A135-574667400F7D}"
EndProject
Global
	GlobalSection(SolutionConfigurationPlatforms) = preSolution
		Debug|Any CPU = Debug|Any CPU
		Release|Any CPU = Release|Any CPU
	EndGlobalSection
	GlobalSection(ProjectConfigurationPlatforms) = postSolution
		{D230B870-95B8-452C-A135-574667400F7D}.Debug|Any CPU.ActiveCfg = Debug|Any CPU
		{D230B870-95B8-452C-A135-574667400F7D}.Debug|Any CPU.Build.0 = Debug|Any CPU
		{D230B870-95B8-452C-A135-574667400F7D}.Release|Any CPU.ActiveCfg = Release|Any CPU
		{D230B870-95B8-452C-A135-574667400F7D}.Release|Any CPU.Build.0 = Release|Any CPU
	EndGlobalSection
	GlobalSection(SolutionProperties) = preSolution
		HideSolutionNode = FALSE
	EndGlobalSection
	GlobalSection(ExtensibilityGlobals) = postSolution
		SolutionGuid = {D128F1DC-C109-4D99-B386-255633F2719F}
	EndGlobalSection
EndGlobal
